
Microsoft Visual Studio Solution File, Format Version 12.00
Project("{FAE04EC0-301F-11D3-BF4B-00C04F79EFBC}") = "Domain", "Domain\Domain.csproj", "{F9A19744-2EDC-4912-B7C6-9F1BBAC631DA}"
EndProject
Project("{FAE04EC0-301F-11D3-BF4B-00C04F79EFBC}") = "Infrastructure", "Infrastructure\Infrastructure.csproj", "{A135A23F-EE91-4B97-AD25-7EF301172BEF}"
EndProject
Project("{FAE04EC0-301F-11D3-BF4B-00C04F79EFBC}") = "Application", "Application\Application.csproj", "{BDFB011D-8E3B-47CE-88F9-B08B8C211AB7}"
EndProject
Project("{FAE04EC0-301F-11D3-BF4B-00C04F79EFBC}") = "GrpcApi", "GrpcApi\GrpcApi.csproj", "{2437E45E-45B1-4FFD-9189-EBB1713DC95F}"
EndProject
Global
	GlobalSection(SolutionConfigurationPlatforms) = preSolution
		Debug|Any CPU = Debug|Any CPU
		Release|Any CPU = Release|Any CPU
	EndGlobalSection
	GlobalSection(ProjectConfigurationPlatforms) = postSolution
		{F9A19744-2EDC-4912-B7C6-9F1BBAC631DA}.Debug|Any CPU.ActiveCfg = Debug|Any CPU
		{F9A19744-2EDC-4912-B7C6-9F1BBAC631DA}.Debug|Any CPU.Build.0 = Debug|Any CPU
		{F9A19744-2EDC-4912-B7C6-9F1BBAC631DA}.Release|Any CPU.ActiveCfg = Release|Any CPU
		{F9A19744-2EDC-4912-B7C6-9F1BBAC631DA}.Release|Any CPU.Build.0 = Release|Any CPU
		{A135A23F-EE91-4B97-AD25-7EF301172BEF}.Debug|Any CPU.ActiveCfg = Debug|Any CPU
		{A135A23F-EE91-4B97-AD25-7EF301172BEF}.Debug|Any CPU.Build.0 = Debug|Any CPU
		{A135A23F-EE91-4B97-AD25-7EF301172BEF}.Release|Any CPU.ActiveCfg = Release|Any CPU
		{A135A23F-EE91-4B97-AD25-7EF301172BEF}.Release|Any CPU.Build.0 = Release|Any CPU
		{BDFB011D-8E3B-47CE-88F9-B08B8C211AB7}.Debug|Any CPU.ActiveCfg = Debug|Any CPU
		{BDFB011D-8E3B-47CE-88F9-B08B8C211AB7}.Debug|Any CPU.Build.0 = Debug|Any CPU
		{BDFB011D-8E3B-47CE-88F9-B08B8C211AB7}.Release|Any CPU.ActiveCfg = Release|Any CPU
		{BDFB011D-8E3B-47CE-88F9-B08B8C211AB7}.Release|Any CPU.Build.0 = Release|Any CPU
		{2437E45E-45B1-4FFD-9189-EBB1713DC95F}.Debug|Any CPU.ActiveCfg = Debug|Any CPU
		{2437E45E-45B1-4FFD-9189-EBB1713DC95F}.Debug|Any CPU.Build.0 = Debug|Any CPU
		{2437E45E-45B1-4FFD-9189-EBB1713DC95F}.Release|Any CPU.ActiveCfg = Release|Any CPU
		{2437E45E-45B1-4FFD-9189-EBB1713DC95F}.Release|Any CPU.Build.0 = Release|Any CPU
	EndGlobalSection
EndGlobal
